{
  "lockfileVersion": 1,
  "workspaces": {
    "": {
      "name": "openai-tier-upgrader",
      "dependencies": {
        "dotenv": "^17.2.3",
        "openai": "^6.7.0",
      },
    },
  },
  "packages": {
    "dotenv": ["dotenv@17.2.3", "", {}, "sha512-JVUnt+DUIzu87TABbhPmNfVdBDt18BLOWjMUFJMSi/Qqg7NTYtabbvSNJGOJ7afbRuv9D/lngizHtP7QyLQ+9w=="],

    "openai": ["openai@6.7.0", "", { "peerDependencies": { "ws": "^8.18.0", "zod": "^3.25 || ^4.0" }, "optionalPeers": ["ws", "zod"], "bin": "bin/cli" }, "sha512-mgSQXa3O/UXTbA8qFzoa7aydbXBJR5dbLQXCRapAOtoNT+v69sLdKMZzgiakpqhclRnhPggPAXoniVGn2kMY2A=="],
  }
}
